
Microsoft Visual Studio Solution File, Format Version 12.00
Project("{FAE04EC0-301F-11D3-BF4B-00C04F79EFBC}") = "MyInvest", "src\MyInvest\MyInvest.csproj", "{4339BDBA-A1E2-4326-91E8-1113893D57DE}"
EndProject
Project("{FAE04EC0-301F-11D3-BF4B-00C04F79EFBC}") = "MyInvest.UnitTests", "tests\MyInvest.UnitTests\MyInvest.UnitTests.csproj", "{3A71F342-6304-4381-B4BD-3264684662B5}"
EndProject
Project("{FAE04EC0-301F-11D3-BF4B-00C04F79EFBC}") = "MyInvest.IntegrationTests", "tests\MyInvest.IntegrationTests\MyInvest.IntegrationTests.csproj", "{C4574894-904B-44A1-B33F-0DC128CC7A48}"
EndProject
Project("{FAE04EC0-301F-11D3-BF4B-00C04F79EFBC}") = "MyInvest.ComponentTests", "tests\MyInvest.ComponentTests\MyInvest.ComponentTests.csproj", "{7BEDF618-A452-4C0B-A809-1BFB3A9781FD}"
EndProject
Project("{2150E333-8FDC-42A3-9474-1A3956D46DE8}") = "tests", "tests", "{096D783D-F994-4774-8E55-0A3DB9466B77}"
EndProject
Project("{2150E333-8FDC-42A3-9474-1A3956D46DE8}") = "src", "src", "{91B85B1B-EA67-4210-B4A8-16FB36294483}"
EndProject
Project("{FAE04EC0-301F-11D3-BF4B-00C04F79EFBC}") = "MyInvest.Domain", "src\MyInvest.Domain\MyInvest.Domain.csproj", "{1A8C0D01-3656-4A00-A180-182924622E0C}"
EndProject
Project("{FAE04EC0-301F-11D3-BF4B-00C04F79EFBC}") = "MyInvest.Persistence", "src\MyInvest.Persistence\MyInvest.Persistence.csproj", "{3BEE71F9-F702-4F28-8301-20C920FA439F}"
EndProject
Global
	GlobalSection(SolutionConfigurationPlatforms) = preSolution
		Debug|Any CPU = Debug|Any CPU
		Release|Any CPU = Release|Any CPU
	EndGlobalSection
	GlobalSection(ProjectConfigurationPlatforms) = postSolution
		{4339BDBA-A1E2-4326-91E8-1113893D57DE}.Debug|Any CPU.ActiveCfg = Debug|Any CPU
		{4339BDBA-A1E2-4326-91E8-1113893D57DE}.Debug|Any CPU.Build.0 = Debug|Any CPU
		{4339BDBA-A1E2-4326-91E8-1113893D57DE}.Release|Any CPU.ActiveCfg = Release|Any CPU
		{4339BDBA-A1E2-4326-91E8-1113893D57DE}.Release|Any CPU.Build.0 = Release|Any CPU
		{3A71F342-6304-4381-B4BD-3264684662B5}.Debug|Any CPU.ActiveCfg = Debug|Any CPU
		{3A71F342-6304-4381-B4BD-3264684662B5}.Debug|Any CPU.Build.0 = Debug|Any CPU
		{3A71F342-6304-4381-B4BD-3264684662B5}.Release|Any CPU.ActiveCfg = Release|Any CPU
		{3A71F342-6304-4381-B4BD-3264684662B5}.Release|Any CPU.Build.0 = Release|Any CPU
		{C4574894-904B-44A1-B33F-0DC128CC7A48}.Debug|Any CPU.ActiveCfg = Debug|Any CPU
		{C4574894-904B-44A1-B33F-0DC128CC7A48}.Debug|Any CPU.Build.0 = Debug|Any CPU
		{C4574894-904B-44A1-B33F-0DC128CC7A48}.Release|Any CPU.ActiveCfg = Release|Any CPU
		{C4574894-904B-44A1-B33F-0DC128CC7A48}.Release|Any CPU.Build.0 = Release|Any CPU
		{7BEDF618-A452-4C0B-A809-1BFB3A9781FD}.Debug|Any CPU.ActiveCfg = Debug|Any CPU
		{7BEDF618-A452-4C0B-A809-1BFB3A9781FD}.Debug|Any CPU.Build.0 = Debug|Any CPU
		{7BEDF618-A452-4C0B-A809-1BFB3A9781FD}.Release|Any CPU.ActiveCfg = Release|Any CPU
		{7BEDF618-A452-4C0B-A809-1BFB3A9781FD}.Release|Any CPU.Build.0 = Release|Any CPU
		{1A8C0D01-3656-4A00-A180-182924622E0C}.Debug|Any CPU.ActiveCfg = Debug|Any CPU
		{1A8C0D01-3656-4A00-A180-182924622E0C}.Debug|Any CPU.Build.0 = Debug|Any CPU
		{1A8C0D01-3656-4A00-A180-182924622E0C}.Release|Any CPU.ActiveCfg = Release|Any CPU
		{1A8C0D01-3656-4A00-A180-182924622E0C}.Release|Any CPU.Build.0 = Release|Any CPU
		{3BEE71F9-F702-4F28-8301-20C920FA439F}.Debug|Any CPU.ActiveCfg = Debug|Any CPU
		{3BEE71F9-F702-4F28-8301-20C920FA439F}.Debug|Any CPU.Build.0 = Debug|Any CPU
		{3BEE71F9-F702-4F28-8301-20C920FA439F}.Release|Any CPU.ActiveCfg = Release|Any CPU
		{3BEE71F9-F702-4F28-8301-20C920FA439F}.Release|Any CPU.Build.0 = Release|Any CPU
	EndGlobalSection
	GlobalSection(NestedProjects) = preSolution
		{4339BDBA-A1E2-4326-91E8-1113893D57DE} = {91B85B1B-EA67-4210-B4A8-16FB36294483}
		{C4574894-904B-44A1-B33F-0DC128CC7A48} = {096D783D-F994-4774-8E55-0A3DB9466B77}
		{7BEDF618-A452-4C0B-A809-1BFB3A9781FD} = {096D783D-F994-4774-8E55-0A3DB9466B77}
		{3A71F342-6304-4381-B4BD-3264684662B5} = {096D783D-F994-4774-8E55-0A3DB9466B77}
		{1A8C0D01-3656-4A00-A180-182924622E0C} = {91B85B1B-EA67-4210-B4A8-16FB36294483}
		{3BEE71F9-F702-4F28-8301-20C920FA439F} = {91B85B1B-EA67-4210-B4A8-16FB36294483}
	EndGlobalSection
EndGlobal
