{
  "version": 1,
  "dependencies": {
    "net6.0": {
      "Microsoft.Extensions.Logging.Abstractions": {
        "type": "Transitive",
        "resolved": "6.0.1",
        "contentHash": "dzB2Cgg+JmrouhjkcQGzSFjjvpwlq353i8oBQO2GWNjCXSzhbtBRUf28HSauWe7eib3wYOdb3tItdjRwAdwCSg=="
      },
      "myinvest.domain": {
        "type": "Project",
        "dependencies": {
          "Microsoft.Extensions.Logging.Abstractions": "6.0.1"
        }
      }
    },
    "net6.0/linux-x64": {},
    "net6.0/osx-x64": {},
    "net6.0/win-x64": {}
  }
}